
Microsoft Visual Studio Solution File, Format Version 12.00
# Visual Studio 15
VisualStudioVersion = 15.0.28307.329
MinimumVisualStudioVersion = 10.0.40219.1
Project("{FAE04EC0-301F-11D3-BF4B-00C04F79EFBC}") = "NevigationIoC.Android", "NevigationIoC\NevigationIoC.Android\NevigationIoC.Android.csproj", "{FB980875-21F7-4E9E-86E8-3CE7C22D321B}"
EndProject
Project("{FAE04EC0-301F-11D3-BF4B-00C04F79EFBC}") = "NevigationIoC.iOS", "NevigationIoC\NevigationIoC.iOS\NevigationIoC.iOS.csproj", "{0B438B52-B11A-4C53-971F-1EF9ED33BB13}"
EndProject
Project("{FAE04EC0-301F-11D3-BF4B-00C04F79EFBC}") = "NevigationIoC.UWP", "NevigationIoC\NevigationIoC.UWP\NevigationIoC.UWP.csproj", "{64FBEC57-9882-46AB-8932-1ACE9B6C67BA}"
EndProject
Project("{FAE04EC0-301F-11D3-BF4B-00C04F79EFBC}") = "NevigationIoC", "NevigationIoC\NevigationIoC\NevigationIoC.csproj", "{77F8A1A3-4B6B-4DAC-9C57-59C8B2379F5A}"
EndProject
Global
	GlobalSection(SolutionConfigurationPlatforms) = preSolution
		Ad-Hoc|Any CPU = Ad-Hoc|Any CPU
		Ad-Hoc|ARM = Ad-Hoc|ARM
		Ad-Hoc|iPhone = Ad-Hoc|iPhone
		Ad-Hoc|iPhoneSimulator = Ad-Hoc|iPhoneSimulator
		Ad-Hoc|x64 = Ad-Hoc|x64
		Ad-Hoc|x86 = Ad-Hoc|x86
		AppStore|Any CPU = AppStore|Any CPU
		AppStore|ARM = AppStore|ARM
		AppStore|iPhone = AppStore|iPhone
		AppStore|iPhoneSimulator = AppStore|iPhoneSimulator
		AppStore|x64 = AppStore|x64
		AppStore|x86 = AppStore|x86
		Debug|Any CPU = Debug|Any CPU
		Debug|ARM = Debug|ARM
		Debug|iPhone = Debug|iPhone
		Debug|iPhoneSimulator = Debug|iPhoneSimulator
		Debug|x64 = Debug|x64
		Debug|x86 = Debug|x86
		Release|Any CPU = Release|Any CPU
		Release|ARM = Release|ARM
		Release|iPhone = Release|iPhone
		Release|iPhoneSimulator = Release|iPhoneSimulator
		Release|x64 = Release|x64
		Release|x86 = Release|x86
	EndGlobalSection
	GlobalSection(ProjectConfigurationPlatforms) = postSolution
		{FB980875-21F7-4E9E-86E8-3CE7C22D321B}.Ad-Hoc|Any CPU.ActiveCfg = Release|Any CPU
		{FB980875-21F7-4E9E-86E8-3CE7C22D321B}.Ad-Hoc|Any CPU.Build.0 = Release|Any CPU
		{FB980875-21F7-4E9E-86E8-3CE7C22D321B}.Ad-Hoc|Any CPU.Deploy.0 = Release|Any CPU
		{FB980875-21F7-4E9E-86E8-3CE7C22D321B}.Ad-Hoc|ARM.ActiveCfg = Release|Any CPU
		{FB980875-21F7-4E9E-86E8-3CE7C22D321B}.Ad-Hoc|ARM.Build.0 = Release|Any CPU
		{FB980875-21F7-4E9E-86E8-3CE7C22D321B}.Ad-Hoc|ARM.Deploy.0 = Release|Any CPU
		{FB980875-21F7-4E9E-86E8-3CE7C22D321B}.Ad-Hoc|iPhone.ActiveCfg = Release|Any CPU
		{FB980875-21F7-4E9E-86E8-3CE7C22D321B}.Ad-Hoc|iPhone.Build.0 = Release|Any CPU
		{FB980875-21F7-4E9E-86E8-3CE7C22D321B}.Ad-Hoc|iPhone.Deploy.0 = Release|Any CPU
		{FB980875-21F7-4E9E-86E8-3CE7C22D321B}.Ad-Hoc|iPhoneSimulator.ActiveCfg = Release|Any CPU
		{FB980875-21F7-4E9E-86E8-3CE7C22D321B}.Ad-Hoc|iPhoneSimulator.Build.0 = Release|Any CPU
		{FB980875-21F7-4E9E-86E8-3CE7C22D321B}.Ad-Hoc|iPhoneSimulator.Deploy.0 = Release|Any CPU
		{FB980875-21F7-4E9E-86E8-3CE7C22D321B}.Ad-Hoc|x64.ActiveCfg = Release|Any CPU
		{FB980875-21F7-4E9E-86E8-3CE7C22D321B}.Ad-Hoc|x64.Build.0 = Release|Any CPU
		{FB980875-21F7-4E9E-86E8-3CE7C22D321B}.Ad-Hoc|x64.Deploy.0 = Release|Any CPU
		{FB980875-21F7-4E9E-86E8-3CE7C22D321B}.Ad-Hoc|x86.ActiveCfg = Release|Any CPU
		{FB980875-21F7-4E9E-86E8-3CE7C22D321B}.Ad-Hoc|x86.Build.0 = Release|Any CPU
		{FB980875-21F7-4E9E-86E8-3CE7C22D321B}.Ad-Hoc|x86.Deploy.0 = Release|Any CPU
		{FB980875-21F7-4E9E-86E8-3CE7C22D321B}.AppStore|Any CPU.ActiveCfg = Release|Any CPU
		{FB980875-21F7-4E9E-86E8-3CE7C22D321B}.AppStore|Any CPU.Build.0 = Release|Any CPU
		{FB980875-21F7-4E9E-86E8-3CE7C22D321B}.AppStore|Any CPU.Deploy.0 = Release|Any CPU
		{FB980875-21F7-4E9E-86E8-3CE7C22D321B}.AppStore|ARM.ActiveCfg = Release|Any CPU
		{FB980875-21F7-4E9E-86E8-3CE7C22D321B}.AppStore|ARM.Build.0 = Release|Any CPU
		{FB980875-21F7-4E9E-86E8-3CE7C22D321B}.AppStore|ARM.Deploy.0 = Release|Any CPU
		{FB980875-21F7-4E9E-86E8-3CE7C22D321B}.AppStore|iPhone.ActiveCfg = Release|Any CPU
		{FB980875-21F7-4E9E-86E8-3CE7C22D321B}.AppStore|iPhone.Build.0 = Release|Any CPU
		{FB980875-21F7-4E9E-86E8-3CE7C22D321B}.AppStore|iPhone.Deploy.0 = Release|Any CPU
		{FB980875-21F7-4E9E-86E8-3CE7C22D321B}.AppStore|iPhoneSimulator.ActiveCfg = Release|Any CPU
		{FB980875-21F7-4E9E-86E8-3CE7C22D321B}.AppStore|iPhoneSimulator.Build.0 = Release|Any CPU
		{FB980875-21F7-4E9E-86E8-3CE7C22D321B}.AppStore|iPhoneSimulator.Deploy.0 = Release|Any CPU
		{FB980875-21F7-4E9E-86E8-3CE7C22D321B}.AppStore|x64.ActiveCfg = Release|Any CPU
		{FB980875-21F7-4E9E-86E8-3CE7C22D321B}.AppStore|x64.Build.0 = Release|Any CPU
		{FB980875-21F7-4E9E-86E8-3CE7C22D321B}.AppStore|x64.Deploy.0 = Release|Any CPU
		{FB980875-21F7-4E9E-86E8-3CE7C22D321B}.AppStore|x86.ActiveCfg = Release|Any CPU
		{FB980875-21F7-4E9E-86E8-3CE7C22D321B}.AppStore|x86.Build.0 = Release|Any CPU
		{FB980875-21F7-4E9E-86E8-3CE7C22D321B}.AppStore|x86.Deploy.0 = Release|Any CPU
		{FB980875-21F7-4E9E-86E8-3CE7C22D321B}.Debug|Any CPU.ActiveCfg = Debug|Any CPU
		{FB980875-21F7-4E9E-86E8-3CE7C22D321B}.Debug|Any CPU.Build.0 = Debug|Any CPU
		{FB980875-21F7-4E9E-86E8-3CE7C22D321B}.Debug|Any CPU.Deploy.0 = Debug|Any CPU
		{FB980875-21F7-4E9E-86E8-3CE7C22D321B}.Debug|ARM.ActiveCfg = Debug|Any CPU
		{FB980875-21F7-4E9E-86E8-3CE7C22D321B}.Debug|ARM.Build.0 = Debug|Any CPU
		{FB980875-21F7-4E9E-86E8-3CE7C22D321B}.Debug|ARM.Deploy.0 = Debug|Any CPU
		{FB980875-21F7-4E9E-86E8-3CE7C22D321B}.Debug|iPhone.ActiveCfg = Debug|Any CPU
		{FB980875-21F7-4E9E-86E8-3CE7C22D321B}.Debug|iPhone.Build.0 = Debug|Any CPU
		{FB980875-21F7-4E9E-86E8-3CE7C22D321B}.Debug|iPhone.Deploy.0 = Debug|Any CPU
		{FB980875-21F7-4E9E-86E8-3CE7C22D321B}.Debug|iPhoneSimulator.ActiveCfg = Debug|Any CPU
		{FB980875-21F7-4E9E-86E8-3CE7C22D321B}.Debug|iPhoneSimulator.Build.0 = Debug|Any CPU
		{FB980875-21F7-4E9E-86E8-3CE7C22D321B}.Debug|iPhoneSimulator.Deploy.0 = Debug|Any CPU
		{FB980875-21F7-4E9E-86E8-3CE7C22D321B}.Debug|x64.ActiveCfg = Debug|Any CPU
		{FB980875-21F7-4E9E-86E8-3CE7C22D321B}.Debug|x64.Build.0 = Debug|Any CPU
		{FB980875-21F7-4E9E-86E8-3CE7C22D321B}.Debug|x64.Deploy.0 = Debug|Any CPU
		{FB980875-21F7-4E9E-86E8-3CE7C22D321B}.Debug|x86.ActiveCfg = Debug|Any CPU
		{FB980875-21F7-4E9E-86E8-3CE7C22D321B}.Debug|x86.Build.0 = Debug|Any CPU
		{FB980875-21F7-4E9E-86E8-3CE7C22D321B}.Debug|x86.Deploy.0 = Debug|Any CPU
		{FB980875-21F7-4E9E-86E8-3CE7C22D321B}.Release|Any CPU.ActiveCfg = Release|Any CPU
		{FB980875-21F7-4E9E-86E8-3CE7C22D321B}.Release|Any CPU.Build.0 = Release|Any CPU
		{FB980875-21F7-4E9E-86E8-3CE7C22D321B}.Release|Any CPU.Deploy.0 = Release|Any CPU
		{FB980875-21F7-4E9E-86E8-3CE7C22D321B}.Release|ARM.ActiveCfg = Release|Any CPU
		{FB980875-21F7-4E9E-86E8-3CE7C22D321B}.Release|ARM.Build.0 = Release|Any CPU
		{FB980875-21F7-4E9E-86E8-3CE7C22D321B}.Release|ARM.Deploy.0 = Release|Any CPU
		{FB980875-21F7-4E9E-86E8-3CE7C22D321B}.Release|iPhone.ActiveCfg = Release|Any CPU
		{FB980875-21F7-4E9E-86E8-3CE7C22D321B}.Release|iPhone.Build.0 = Release|Any CPU
		{FB980875-21F7-4E9E-86E8-3CE7C22D321B}.Release|iPhone.Deploy.0 = Release|Any CPU
		{FB980875-21F7-4E9E-86E8-3CE7C22D321B}.Release|iPhoneSimulator.ActiveCfg = Release|Any CPU
		{FB980875-21F7-4E9E-86E8-3CE7C22D321B}.Release|iPhoneSimulator.Build.0 = Release|Any CPU
		{FB980875-21F7-4E9E-86E8-3CE7C22D321B}.Release|iPhoneSimulator.Deploy.0 = Release|Any CPU
		{FB980875-21F7-4E9E-86E8-3CE7C22D321B}.Release|x64.ActiveCfg = Release|Any CPU
		{FB980875-21F7-4E9E-86E8-3CE7C22D321B}.Release|x64.Build.0 = Release|Any CPU
		{FB980875-21F7-4E9E-86E8-3CE7C22D321B}.Release|x64.Deploy.0 = Release|Any CPU
		{FB980875-21F7-4E9E-86E8-3CE7C22D321B}.Release|x86.ActiveCfg = Release|Any CPU
		{FB980875-21F7-4E9E-86E8-3CE7C22D321B}.Release|x86.Build.0 = Release|Any CPU
		{FB980875-21F7-4E9E-86E8-3CE7C22D321B}.Release|x86.Deploy.0 = Release|Any CPU
		{0B438B52-B11A-4C53-971F-1EF9ED33BB13}.Ad-Hoc|Any CPU.ActiveCfg = Ad-Hoc|iPhone
		{0B438B52-B11A-4C53-971F-1EF9ED33BB13}.Ad-Hoc|Any CPU.Build.0 = Ad-Hoc|iPhone
		{0B438B52-B11A-4C53-971F-1EF9ED33BB13}.Ad-Hoc|Any CPU.Deploy.0 = Ad-Hoc|iPhone
		{0B438B52-B11A-4C53-971F-1EF9ED33BB13}.Ad-Hoc|ARM.ActiveCfg = Ad-Hoc|iPhone
		{0B438B52-B11A-4C53-971F-1EF9ED33BB13}.Ad-Hoc|ARM.Build.0 = Ad-Hoc|iPhone
		{0B438B52-B11A-4C53-971F-1EF9ED33BB13}.Ad-Hoc|ARM.Deploy.0 = Ad-Hoc|iPhone
		{0B438B52-B11A-4C53-971F-1EF9ED33BB13}.Ad-Hoc|iPhone.ActiveCfg = Ad-Hoc|iPhone
		{0B438B52-B11A-4C53-971F-1EF9ED33BB13}.Ad-Hoc|iPhone.Build.0 = Ad-Hoc|iPhone
		{0B438B52-B11A-4C53-971F-1EF9ED33BB13}.Ad-Hoc|iPhone.Deploy.0 = Ad-Hoc|iPhone
		{0B438B52-B11A-4C53-971F-1EF9ED33BB13}.Ad-Hoc|iPhoneSimulator.ActiveCfg = Ad-Hoc|iPhoneSimulator
		{0B438B52-B11A-4C53-971F-1EF9ED33BB13}.Ad-Hoc|iPhoneSimulator.Build.0 = Ad-Hoc|iPhoneSimulator
		{0B438B52-B11A-4C53-971F-1EF9ED33BB13}.Ad-Hoc|iPhoneSimulator.Deploy.0 = Ad-Hoc|iPhoneSimulator
		{0B438B52-B11A-4C53-971F-1EF9ED33BB13}.Ad-Hoc|x64.ActiveCfg = Ad-Hoc|iPhone
		{0B438B52-B11A-4C53-971F-1EF9ED33BB13}.Ad-Hoc|x64.Build.0 = Ad-Hoc|iPhone
		{0B438B52-B11A-4C53-971F-1EF9ED33BB13}.Ad-Hoc|x64.Deploy.0 = Ad-Hoc|iPhone
		{0B438B52-B11A-4C53-971F-1EF9ED33BB13}.Ad-Hoc|x86.ActiveCfg = Ad-Hoc|iPhone
		{0B438B52-B11A-4C53-971F-1EF9ED33BB13}.Ad-Hoc|x86.Build.0 = Ad-Hoc|iPhone
		{0B438B52-B11A-4C53-971F-1EF9ED33BB13}.Ad-Hoc|x86.Deploy.0 = Ad-Hoc|iPhone
		{0B438B52-B11A-4C53-971F-1EF9ED33BB13}.AppStore|Any CPU.ActiveCfg = AppStore|iPhone
		{0B438B52-B11A-4C53-971F-1EF9ED33BB13}.AppStore|Any CPU.Build.0 = AppStore|iPhone
		{0B438B52-B11A-4C53-971F-1EF9ED33BB13}.AppStore|Any CPU.Deploy.0 = AppStore|iPhone
		{0B438B52-B11A-4C53-971F-1EF9ED33BB13}.AppStore|ARM.ActiveCfg = AppStore|iPhone
		{0B438B52-B11A-4C53-971F-1EF9ED33BB13}.AppStore|ARM.Build.0 = AppStore|iPhone
		{0B438B52-B11A-4C53-971F-1EF9ED33BB13}.AppStore|ARM.Deploy.0 = AppStore|iPhone
		{0B438B52-B11A-4C53-971F-1EF9ED33BB13}.AppStore|iPhone.ActiveCfg = AppStore|iPhone
		{0B438B52-B11A-4C53-971F-1EF9ED33BB13}.AppStore|iPhone.Build.0 = AppStore|iPhone
		{0B438B52-B11A-4C53-971F-1EF9ED33BB13}.AppStore|iPhone.Deploy.0 = AppStore|iPhone
		{0B438B52-B11A-4C53-971F-1EF9ED33BB13}.AppStore|iPhoneSimulator.ActiveCfg = AppStore|iPhoneSimulator
		{0B438B52-B11A-4C53-971F-1EF9ED33BB13}.AppStore|iPhoneSimulator.Build.0 = AppStore|iPhoneSimulator
		{0B438B52-B11A-4C53-971F-1EF9ED33BB13}.AppStore|iPhoneSimulator.Deploy.0 = AppStore|iPhoneSimulator
		{0B438B52-B11A-4C53-971F-1EF9ED33BB13}.AppStore|x64.ActiveCfg = AppStore|iPhone
		{0B438B52-B11A-4C53-971F-1EF9ED33BB13}.AppStore|x64.Build.0 = AppStore|iPhone
		{0B438B52-B11A-4C53-971F-1EF9ED33BB13}.AppStore|x64.Deploy.0 = AppStore|iPhone
		{0B438B52-B11A-4C53-971F-1EF9ED33BB13}.AppStore|x86.ActiveCfg = AppStore|iPhone
		{0B438B52-B11A-4C53-971F-1EF9ED33BB13}.AppStore|x86.Build.0 = AppStore|iPhone
		{0B438B52-B11A-4C53-971F-1EF9ED33BB13}.AppStore|x86.Deploy.0 = AppStore|iPhone
		{0B438B52-B11A-4C53-971F-1EF9ED33BB13}.Debug|Any CPU.ActiveCfg = Debug|iPhoneSimulator
		{0B438B52-B11A-4C53-971F-1EF9ED33BB13}.Debug|Any CPU.Build.0 = Debug|iPhoneSimulator
		{0B438B52-B11A-4C53-971F-1EF9ED33BB13}.Debug|Any CPU.Deploy.0 = Debug|iPhoneSimulator
		{0B438B52-B11A-4C53-971F-1EF9ED33BB13}.Debug|ARM.ActiveCfg = Debug|iPhone
		{0B438B52-B11A-4C53-971F-1EF9ED33BB13}.Debug|ARM.Build.0 = Debug|iPhone
		{0B438B52-B11A-4C53-971F-1EF9ED33BB13}.Debug|ARM.Deploy.0 = Debug|iPhone
		{0B438B52-B11A-4C53-971F-1EF9ED33BB13}.Debug|iPhone.ActiveCfg = Debug|iPhone
		{0B438B52-B11A-4C53-971F-1EF9ED33BB13}.Debug|iPhone.Build.0 = Debug|iPhone
		{0B438B52-B11A-4C53-971F-1EF9ED33BB13}.Debug|iPhone.Deploy.0 = Debug|iPhone
		{0B438B52-B11A-4C53-971F-1EF9ED33BB13}.Debug|iPhoneSimulator.ActiveCfg = Debug|iPhoneSimulator
		{0B438B52-B11A-4C53-971F-1EF9ED33BB13}.Debug|iPhoneSimulator.Build.0 = Debug|iPhoneSimulator
		{0B438B52-B11A-4C53-971F-1EF9ED33BB13}.Debug|iPhoneSimulator.Deploy.0 = Debug|iPhoneSimulator
		{0B438B52-B11A-4C53-971F-1EF9ED33BB13}.Debug|x64.ActiveCfg = Debug|iPhone
		{0B438B52-B11A-4C53-971F-1EF9ED33BB13}.Debug|x64.Build.0 = Debug|iPhone
		{0B438B52-B11A-4C53-971F-1EF9ED33BB13}.Debug|x64.Deploy.0 = Debug|iPhone
		{0B438B52-B11A-4C53-971F-1EF9ED33BB13}.Debug|x86.ActiveCfg = Debug|iPhone
		{0B438B52-B11A-4C53-971F-1EF9ED33BB13}.Debug|x86.Build.0 = Debug|iPhone
		{0B438B52-B11A-4C53-971F-1EF9ED33BB13}.Debug|x86.Deploy.0 = Debug|iPhone
		{0B438B52-B11A-4C53-971F-1EF9ED33BB13}.Release|Any CPU.ActiveCfg = Release|iPhone
		{0B438B52-B11A-4C53-971F-1EF9ED33BB13}.Release|Any CPU.Build.0 = Release|iPhone
		{0B438B52-B11A-4C53-971F-1EF9ED33BB13}.Release|Any CPU.Deploy.0 = Release|iPhone
		{0B438B52-B11A-4C53-971F-1EF9ED33BB13}.Release|ARM.ActiveCfg = Release|iPhone
		{0B438B52-B11A-4C53-971F-1EF9ED33BB13}.Release|ARM.Build.0 = Release|iPhone
		{0B438B52-B11A-4C53-971F-1EF9ED33BB13}.Release|ARM.Deploy.0 = Release|iPhone
		{0B438B52-B11A-4C53-971F-1EF9ED33BB13}.Release|iPhone.ActiveCfg = Release|iPhone
		{0B438B52-B11A-4C53-971F-1EF9ED33BB13}.Release|iPhone.Build.0 = Release|iPhone
		{0B438B52-B11A-4C53-971F-1EF9ED33BB13}.Release|iPhone.Deploy.0 = Release|iPhone
		{0B438B52-B11A-4C53-971F-1EF9ED33BB13}.Release|iPhoneSimulator.ActiveCfg = Release|iPhoneSimulator
		{0B438B52-B11A-4C53-971F-1EF9ED33BB13}.Release|iPhoneSimulator.Build.0 = Release|iPhoneSimulator
		{0B438B52-B11A-4C53-971F-1EF9ED33BB13}.Release|iPhoneSimulator.Deploy.0 = Release|iPhoneSimulator
		{0B438B52-B11A-4C53-971F-1EF9ED33BB13}.Release|x64.ActiveCfg = Release|iPhone
		{0B438B52-B11A-4C53-971F-1EF9ED33BB13}.Release|x64.Build.0 = Release|iPhone
		{0B438B52-B11A-4C53-971F-1EF9ED33BB13}.Release|x64.Deploy.0 = Release|iPhone
		{0B438B52-B11A-4C53-971F-1EF9ED33BB13}.Release|x86.ActiveCfg = Release|iPhone
		{0B438B52-B11A-4C53-971F-1EF9ED33BB13}.Release|x86.Build.0 = Release|iPhone
		{0B438B52-B11A-4C53-971F-1EF9ED33BB13}.Release|x86.Deploy.0 = Release|iPhone
		{64FBEC57-9882-46AB-8932-1ACE9B6C67BA}.Ad-Hoc|Any CPU.ActiveCfg = Release|x86
		{64FBEC57-9882-46AB-8932-1ACE9B6C67BA}.Ad-Hoc|Any CPU.Build.0 = Release|x86
		{64FBEC57-9882-46AB-8932-1ACE9B6C67BA}.Ad-Hoc|Any CPU.Deploy.0 = Release|x86
		{64FBEC57-9882-46AB-8932-1ACE9B6C67BA}.Ad-Hoc|ARM.ActiveCfg = Release|ARM
		{64FBEC57-9882-46AB-8932-1ACE9B6C67BA}.Ad-Hoc|ARM.Build.0 = Release|ARM
		{64FBEC57-9882-46AB-8932-1ACE9B6C67BA}.Ad-Hoc|ARM.Deploy.0 = Release|ARM
		{64FBEC57-9882-46AB-8932-1ACE9B6C67BA}.Ad-Hoc|iPhone.ActiveCfg = Release|x86
		{64FBEC57-9882-46AB-8932-1ACE9B6C67BA}.Ad-Hoc|iPhone.Build.0 = Release|x86
		{64FBEC57-9882-46AB-8932-1ACE9B6C67BA}.Ad-Hoc|iPhone.Deploy.0 = Release|x86
		{64FBEC57-9882-46AB-8932-1ACE9B6C67BA}.Ad-Hoc|iPhoneSimulator.ActiveCfg = Release|x86
		{64FBEC57-9882-46AB-8932-1ACE9B6C67BA}.Ad-Hoc|iPhoneSimulator.Build.0 = Release|x86
		{64FBEC57-9882-46AB-8932-1ACE9B6C67BA}.Ad-Hoc|iPhoneSimulator.Deploy.0 = Release|x86
		{64FBEC57-9882-46AB-8932-1ACE9B6C67BA}.Ad-Hoc|x64.ActiveCfg = Release|x64
		{64FBEC57-9882-46AB-8932-1ACE9B6C67BA}.Ad-Hoc|x64.Build.0 = Release|x64
		{64FBEC57-9882-46AB-8932-1ACE9B6C67BA}.Ad-Hoc|x64.Deploy.0 = Release|x64
		{64FBEC57-9882-46AB-8932-1ACE9B6C67BA}.Ad-Hoc|x86.ActiveCfg = Release|x86
		{64FBEC57-9882-46AB-8932-1ACE9B6C67BA}.Ad-Hoc|x86.Build.0 = Release|x86
		{64FBEC57-9882-46AB-8932-1ACE9B6C67BA}.Ad-Hoc|x86.Deploy.0 = Release|x86
		{64FBEC57-9882-46AB-8932-1ACE9B6C67BA}.AppStore|Any CPU.ActiveCfg = Release|x86
		{64FBEC57-9882-46AB-8932-1ACE9B6C67BA}.AppStore|Any CPU.Build.0 = Release|x86
		{64FBEC57-9882-46AB-8932-1ACE9B6C67BA}.AppStore|Any CPU.Deploy.0 = Release|x86
		{64FBEC57-9882-46AB-8932-1ACE9B6C67BA}.AppStore|ARM.ActiveCfg = Release|ARM
		{64FBEC57-9882-46AB-8932-1ACE9B6C67BA}.AppStore|ARM.Build.0 = Release|ARM
		{64FBEC57-9882-46AB-8932-1ACE9B6C67BA}.AppStore|ARM.Deploy.0 = Release|ARM
		{64FBEC57-9882-46AB-8932-1ACE9B6C67BA}.AppStore|iPhone.ActiveCfg = Release|x86
		{64FBEC57-9882-46AB-8932-1ACE9B6C67BA}.AppStore|iPhone.Build.0 = Release|x86
		{64FBEC57-9882-46AB-8932-1ACE9B6C67BA}.AppStore|iPhone.Deploy.0 = Release|x86
		{64FBEC57-9882-46AB-8932-1ACE9B6C67BA}.AppStore|iPhoneSimulator.ActiveCfg = Release|x86
		{64FBEC57-9882-46AB-8932-1ACE9B6C67BA}.AppStore|iPhoneSimulator.Build.0 = Release|x86
		{64FBEC57-9882-46AB-8932-1ACE9B6C67BA}.AppStore|iPhoneSimulator.Deploy.0 = Release|x86
		{64FBEC57-9882-46AB-8932-1ACE9B6C67BA}.AppStore|x64.ActiveCfg = Release|x64
		{64FBEC57-9882-46AB-8932-1ACE9B6C67BA}.AppStore|x64.Build.0 = Release|x64
		{64FBEC57-9882-46AB-8932-1ACE9B6C67BA}.AppStore|x64.Deploy.0 = Release|x64
		{64FBEC57-9882-46AB-8932-1ACE9B6C67BA}.AppStore|x86.ActiveCfg = Release|x86
		{64FBEC57-9882-46AB-8932-1ACE9B6C67BA}.AppStore|x86.Build.0 = Release|x86
		{64FBEC57-9882-46AB-8932-1ACE9B6C67BA}.AppStore|x86.Deploy.0 = Release|x86
		{64FBEC57-9882-46AB-8932-1ACE9B6C67BA}.Debug|Any CPU.ActiveCfg = Debug|x86
		{64FBEC57-9882-46AB-8932-1ACE9B6C67BA}.Debug|Any CPU.Build.0 = Debug|x86
		{64FBEC57-9882-46AB-8932-1ACE9B6C67BA}.Debug|Any CPU.Deploy.0 = Debug|x86
		{64FBEC57-9882-46AB-8932-1ACE9B6C67BA}.Debug|ARM.ActiveCfg = Debug|ARM
		{64FBEC57-9882-46AB-8932-1ACE9B6C67BA}.Debug|ARM.Build.0 = Debug|ARM
		{64FBEC57-9882-46AB-8932-1ACE9B6C67BA}.Debug|ARM.Deploy.0 = Debug|ARM
		{64FBEC57-9882-46AB-8932-1ACE9B6C67BA}.Debug|iPhone.ActiveCfg = Debug|x86
		{64FBEC57-9882-46AB-8932-1ACE9B6C67BA}.Debug|iPhone.Build.0 = Debug|x86
		{64FBEC57-9882-46AB-8932-1ACE9B6C67BA}.Debug|iPhone.Deploy.0 = Debug|x86
		{64FBEC57-9882-46AB-8932-1ACE9B6C67BA}.Debug|iPhoneSimulator.ActiveCfg = Debug|x86
		{64FBEC57-9882-46AB-8932-1ACE9B6C67BA}.Debug|iPhoneSimulator.Build.0 = Debug|x86
		{64FBEC57-9882-46AB-8932-1ACE9B6C67BA}.Debug|iPhoneSimulator.Deploy.0 = Debug|x86
		{64FBEC57-9882-46AB-8932-1ACE9B6C67BA}.Debug|x64.ActiveCfg = Debug|x64
		{64FBEC57-9882-46AB-8932-1ACE9B6C67BA}.Debug|x64.Build.0 = Debug|x64
		{64FBEC57-9882-46AB-8932-1ACE9B6C67BA}.Debug|x64.Deploy.0 = Debug|x64
		{64FBEC57-9882-46AB-8932-1ACE9B6C67BA}.Debug|x86.ActiveCfg = Debug|x86
		{64FBEC57-9882-46AB-8932-1ACE9B6C67BA}.Debug|x86.Build.0 = Debug|x86
		{64FBEC57-9882-46AB-8932-1ACE9B6C67BA}.Debug|x86.Deploy.0 = Debug|x86
		{64FBEC57-9882-46AB-8932-1ACE9B6C67BA}.Release|Any CPU.ActiveCfg = Release|x86
		{64FBEC57-9882-46AB-8932-1ACE9B6C67BA}.Release|Any CPU.Build.0 = Release|x86
		{64FBEC57-9882-46AB-8932-1ACE9B6C67BA}.Release|Any CPU.Deploy.0 = Release|x86
		{64FBEC57-9882-46AB-8932-1ACE9B6C67BA}.Release|ARM.ActiveCfg = Release|ARM
		{64FBEC57-9882-46AB-8932-1ACE9B6C67BA}.Release|ARM.Build.0 = Release|ARM
		{64FBEC57-9882-46AB-8932-1ACE9B6C67BA}.Release|ARM.Deploy.0 = Release|ARM
		{64FBEC57-9882-46AB-8932-1ACE9B6C67BA}.Release|iPhone.ActiveCfg = Release|x86
		{64FBEC57-9882-46AB-8932-1ACE9B6C67BA}.Release|iPhone.Build.0 = Release|x86
		{64FBEC57-9882-46AB-8932-1ACE9B6C67BA}.Release|iPhone.Deploy.0 = Release|x86
		{64FBEC57-9882-46AB-8932-1ACE9B6C67BA}.Release|iPhoneSimulator.ActiveCfg = Release|x86
		{64FBEC57-9882-46AB-8932-1ACE9B6C67BA}.Release|iPhoneSimulator.Build.0 = Release|x86
		{64FBEC57-9882-46AB-8932-1ACE9B6C67BA}.Release|iPhoneSimulator.Deploy.0 = Release|x86
		{64FBEC57-9882-46AB-8932-1ACE9B6C67BA}.Release|x64.ActiveCfg = Release|x64
		{64FBEC57-9882-46AB-8932-1ACE9B6C67BA}.Release|x64.Build.0 = Release|x64
		{64FBEC57-9882-46AB-8932-1ACE9B6C67BA}.Release|x64.Deploy.0 = Release|x64
		{64FBEC57-9882-46AB-8932-1ACE9B6C67BA}.Release|x86.ActiveCfg = Release|x86
		{64FBEC57-9882-46AB-8932-1ACE9B6C67BA}.Release|x86.Build.0 = Release|x86
		{64FBEC57-9882-46AB-8932-1ACE9B6C67BA}.Release|x86.Deploy.0 = Release|x86
		{77F8A1A3-4B6B-4DAC-9C57-59C8B2379F5A}.Ad-Hoc|Any CPU.ActiveCfg = Debug|Any CPU
		{77F8A1A3-4B6B-4DAC-9C57-59C8B2379F5A}.Ad-Hoc|Any CPU.Build.0 = Debug|Any CPU
		{77F8A1A3-4B6B-4DAC-9C57-59C8B2379F5A}.Ad-Hoc|Any CPU.Deploy.0 = Debug|Any CPU
		{77F8A1A3-4B6B-4DAC-9C57-59C8B2379F5A}.Ad-Hoc|ARM.ActiveCfg = Debug|Any CPU
		{77F8A1A3-4B6B-4DAC-9C57-59C8B2379F5A}.Ad-Hoc|ARM.Build.0 = Debug|Any CPU
		{77F8A1A3-4B6B-4DAC-9C57-59C8B2379F5A}.Ad-Hoc|ARM.Deploy.0 = Debug|Any CPU
		{77F8A1A3-4B6B-4DAC-9C57-59C8B2379F5A}.Ad-Hoc|iPhone.ActiveCfg = Debug|Any CPU
		{77F8A1A3-4B6B-4DAC-9C57-59C8B2379F5A}.Ad-Hoc|iPhone.Build.0 = Debug|Any CPU
		{77F8A1A3-4B6B-4DAC-9C57-59C8B2379F5A}.Ad-Hoc|iPhone.Deploy.0 = Debug|Any CPU
		{77F8A1A3-4B6B-4DAC-9C57-59C8B2379F5A}.Ad-Hoc|iPhoneSimulator.ActiveCfg = Debug|Any CPU
		{77F8A1A3-4B6B-4DAC-9C57-59C8B2379F5A}.Ad-Hoc|iPhoneSimulator.Build.0 = Debug|Any CPU
		{77F8A1A3-4B6B-4DAC-9C57-59C8B2379F5A}.Ad-Hoc|iPhoneSimulator.Deploy.0 = Debug|Any CPU
		{77F8A1A3-4B6B-4DAC-9C57-59C8B2379F5A}.Ad-Hoc|x64.ActiveCfg = Debug|Any CPU
		{77F8A1A3-4B6B-4DAC-9C57-59C8B2379F5A}.Ad-Hoc|x64.Build.0 = Debug|Any CPU
		{77F8A1A3-4B6B-4DAC-9C57-59C8B2379F5A}.Ad-Hoc|x64.Deploy.0 = Debug|Any CPU
		{77F8A1A3-4B6B-4DAC-9C57-59C8B2379F5A}.Ad-Hoc|x86.ActiveCfg = Debug|Any CPU
		{77F8A1A3-4B6B-4DAC-9C57-59C8B2379F5A}.Ad-Hoc|x86.Build.0 = Debug|Any CPU
		{77F8A1A3-4B6B-4DAC-9C57-59C8B2379F5A}.Ad-Hoc|x86.Deploy.0 = Debug|Any CPU
		{77F8A1A3-4B6B-4DAC-9C57-59C8B2379F5A}.AppStore|Any CPU.ActiveCfg = Debug|Any CPU
		{77F8A1A3-4B6B-4DAC-9C57-59C8B2379F5A}.AppStore|Any CPU.Build.0 = Debug|Any CPU
		{77F8A1A3-4B6B-4DAC-9C57-59C8B2379F5A}.AppStore|Any CPU.Deploy.0 = Debug|Any CPU
		{77F8A1A3-4B6B-4DAC-9C57-59C8B2379F5A}.AppStore|ARM.ActiveCfg = Debug|Any CPU
		{77F8A1A3-4B6B-4DAC-9C57-59C8B2379F5A}.AppStore|ARM.Build.0 = Debug|Any CPU
		{77F8A1A3-4B6B-4DAC-9C57-59C8B2379F5A}.AppStore|ARM.Deploy.0 = Debug|Any CPU
		{77F8A1A3-4B6B-4DAC-9C57-59C8B2379F5A}.AppStore|iPhone.ActiveCfg = Debug|Any CPU
		{77F8A1A3-4B6B-4DAC-9C57-59C8B2379F5A}.AppStore|iPhone.Build.0 = Debug|Any CPU
		{77F8A1A3-4B6B-4DAC-9C57-59C8B2379F5A}.AppStore|iPhone.Deploy.0 = Debug|Any CPU
		{77F8A1A3-4B6B-4DAC-9C57-59C8B2379F5A}.AppStore|iPhoneSimulator.ActiveCfg = Debug|Any CPU
		{77F8A1A3-4B6B-4DAC-9C57-59C8B2379F5A}.AppStore|iPhoneSimulator.Build.0 = Debug|Any CPU
		{77F8A1A3-4B6B-4DAC-9C57-59C8B2379F5A}.AppStore|iPhoneSimulator.Deploy.0 = Debug|Any CPU
		{77F8A1A3-4B6B-4DAC-9C57-59C8B2379F5A}.AppStore|x64.ActiveCfg = Debug|Any CPU
		{77F8A1A3-4B6B-4DAC-9C57-59C8B2379F5A}.AppStore|x64.Build.0 = Debug|Any CPU
		{77F8A1A3-4B6B-4DAC-9C57-59C8B2379F5A}.AppStore|x64.Deploy.0 = Debug|Any CPU
		{77F8A1A3-4B6B-4DAC-9C57-59C8B2379F5A}.AppStore|x86.ActiveCfg = Debug|Any CPU
		{77F8A1A3-4B6B-4DAC-9C57-59C8B2379F5A}.AppStore|x86.Build.0 = Debug|Any CPU
		{77F8A1A3-4B6B-4DAC-9C57-59C8B2379F5A}.AppStore|x86.Deploy.0 = Debug|Any CPU
		{77F8A1A3-4B6B-4DAC-9C57-59C8B2379F5A}.Debug|Any CPU.ActiveCfg = Debug|Any CPU
		{77F8A1A3-4B6B-4DAC-9C57-59C8B2379F5A}.Debug|Any CPU.Build.0 = Debug|Any CPU
		{77F8A1A3-4B6B-4DAC-9C57-59C8B2379F5A}.Debug|Any CPU.Deploy.0 = Debug|Any CPU
		{77F8A1A3-4B6B-4DAC-9C57-59C8B2379F5A}.Debug|ARM.ActiveCfg = Debug|Any CPU
		{77F8A1A3-4B6B-4DAC-9C57-59C8B2379F5A}.Debug|ARM.Build.0 = Debug|Any CPU
		{77F8A1A3-4B6B-4DAC-9C57-59C8B2379F5A}.Debug|ARM.Deploy.0 = Debug|Any CPU
		{77F8A1A3-4B6B-4DAC-9C57-59C8B2379F5A}.Debug|iPhone.ActiveCfg = Debug|Any CPU
		{77F8A1A3-4B6B-4DAC-9C57-59C8B2379F5A}.Debug|iPhone.Build.0 = Debug|Any CPU
		{77F8A1A3-4B6B-4DAC-9C57-59C8B2379F5A}.Debug|iPhone.Deploy.0 = Debug|Any CPU
		{77F8A1A3-4B6B-4DAC-9C57-59C8B2379F5A}.Debug|iPhoneSimulator.ActiveCfg = Debug|Any CPU
		{77F8A1A3-4B6B-4DAC-9C57-59C8B2379F5A}.Debug|iPhoneSimulator.Build.0 = Debug|Any CPU
		{77F8A1A3-4B6B-4DAC-9C57-59C8B2379F5A}.Debug|iPhoneSimulator.Deploy.0 = Debug|Any CPU
		{77F8A1A3-4B6B-4DAC-9C57-59C8B2379F5A}.Debug|x64.ActiveCfg = Debug|Any CPU
		{77F8A1A3-4B6B-4DAC-9C57-59C8B2379F5A}.Debug|x64.Build.0 = Debug|Any CPU
		{77F8A1A3-4B6B-4DAC-9C57-59C8B2379F5A}.Debug|x64.Deploy.0 = Debug|Any CPU
		{77F8A1A3-4B6B-4DAC-9C57-59C8B2379F5A}.Debug|x86.ActiveCfg = Debug|Any CPU
		{77F8A1A3-4B6B-4DAC-9C57-59C8B2379F5A}.Debug|x86.Build.0 = Debug|Any CPU
		{77F8A1A3-4B6B-4DAC-9C57-59C8B2379F5A}.Debug|x86.Deploy.0 = Debug|Any CPU
		{77F8A1A3-4B6B-4DAC-9C57-59C8B2379F5A}.Release|Any CPU.ActiveCfg = Release|Any CPU
		{77F8A1A3-4B6B-4DAC-9C57-59C8B2379F5A}.Release|Any CPU.Build.0 = Release|Any CPU
		{77F8A1A3-4B6B-4DAC-9C57-59C8B2379F5A}.Release|Any CPU.Deploy.0 = Release|Any CPU
		{77F8A1A3-4B6B-4DAC-9C57-59C8B2379F5A}.Release|ARM.ActiveCfg = Release|Any CPU
		{77F8A1A3-4B6B-4DAC-9C57-59C8B2379F5A}.Release|ARM.Build.0 = Release|Any CPU
		{77F8A1A3-4B6B-4DAC-9C57-59C8B2379F5A}.Release|ARM.Deploy.0 = Release|Any CPU
		{77F8A1A3-4B6B-4DAC-9C57-59C8B2379F5A}.Release|iPhone.ActiveCfg = Release|Any CPU
		{77F8A1A3-4B6B-4DAC-9C57-59C8B2379F5A}.Release|iPhone.Build.0 = Release|Any CPU
		{77F8A1A3-4B6B-4DAC-9C57-59C8B2379F5A}.Release|iPhone.Deploy.0 = Release|Any CPU
		{77F8A1A3-4B6B-4DAC-9C57-59C8B2379F5A}.Release|iPhoneSimulator.ActiveCfg = Release|Any CPU
		{77F8A1A3-4B6B-4DAC-9C57-59C8B2379F5A}.Release|iPhoneSimulator.Build.0 = Release|Any CPU
		{77F8A1A3-4B6B-4DAC-9C57-59C8B2379F5A}.Release|iPhoneSimulator.Deploy.0 = Release|Any CPU
		{77F8A1A3-4B6B-4DAC-9C57-59C8B2379F5A}.Release|x64.ActiveCfg = Release|Any CPU
		{77F8A1A3-4B6B-4DAC-9C57-59C8B2379F5A}.Release|x64.Build.0 = Release|Any CPU
		{77F8A1A3-4B6B-4DAC-9C57-59C8B2379F5A}.Release|x64.Deploy.0 = Release|Any CPU
		{77F8A1A3-4B6B-4DAC-9C57-59C8B2379F5A}.Release|x86.ActiveCfg = Release|Any CPU
		{77F8A1A3-4B6B-4DAC-9C57-59C8B2379F5A}.Release|x86.Build.0 = Release|Any CPU
		{77F8A1A3-4B6B-4DAC-9C57-59C8B2379F5A}.Release|x86.Deploy.0 = Release|Any CPU
	EndGlobalSection
	GlobalSection(SolutionProperties) = preSolution
		HideSolutionNode = FALSE
	EndGlobalSection
	GlobalSection(ExtensibilityGlobals) = postSolution
		SolutionGuid = {B3336D0F-25E8-43EE-8285-BB39323FE169}
	EndGlobalSection
EndGlobal
